
Microsoft Visual Studio Solution File, Format Version 12.00
# Visual Studio Version 17
VisualStudioVersion = 17.10.34928.147
MinimumVisualStudioVersion = 10.0.40219.1
Project("{FAE04EC0-301F-11D3-BF4B-00C04F79EFBC}") = "LoginScreenApp", "LoginScreenApp\LoginScreenApp.csproj", "{AAB294FC-C759-4A08-A293-CFAC4C13AFE8}"
EndProject
Global
	GlobalSection(SolutionConfigurationPlatforms) = preSolution
		Debug|Any CPU = Debug|Any CPU
		Release|Any CPU = Release|Any CPU
	EndGlobalSection
	GlobalSection(ProjectConfigurationPlatforms) = postSolution
		{AAB294FC-C759-4A08-A293-CFAC4C13AFE8}.Debug|Any CPU.ActiveCfg = Debug|Any CPU
		{AAB294FC-C759-4A08-A293-CFAC4C13AFE8}.Debug|Any CPU.Build.0 = Debug|Any CPU
		{AAB294FC-C759-4A08-A293-CFAC4C13AFE8}.Release|Any CPU.ActiveCfg = Release|Any CPU
		{AAB294FC-C759-4A08-A293-CFAC4C13AFE8}.Release|Any CPU.Build.0 = Release|Any CPU
	EndGlobalSection
	GlobalSection(SolutionProperties) = preSolution
		HideSolutionNode = FALSE
	EndGlobalSection
	GlobalSection(ExtensibilityGlobals) = postSolution
		SolutionGuid = {F6012468-B7AB-400F-9D32-A4BCB85B2073}
	EndGlobalSection
EndGlobal
